
Microsoft Visual Studio Solution File, Format Version 12.00
# Visual Studio Version 16
VisualStudioVersion = 16.0.29503.13
MinimumVisualStudioVersion = 10.0.40219.1
Project("{9A19103F-16F7-4668-BE54-9A1E7A4F7556}") = "QuizNet", "QuizNet\QuizNet.csproj", "{85292832-72B4-47DC-A5CB-CBC0864A4E40}"
EndProject
Project("{9A19103F-16F7-4668-BE54-9A1E7A4F7556}") = "QuizNet.DataAccess", "QuizNet.DataAccess\QuizNet.DataAccess.csproj", "{498BE0CC-5F23-486C-9CDA-8DC4DD66E782}"
EndProject
Project("{FAE04EC0-301F-11D3-BF4B-00C04F79EFBC}") = "QuizNet.Logic", "QuizNet.Logic\QuizNet.Logic.csproj", "{40D8FFC5-E106-4B30-9C27-212CF92671E6}"
EndProject
Global
	GlobalSection(SolutionConfigurationPlatforms) = preSolution
		Debug|Any CPU = Debug|Any CPU
		Release|Any CPU = Release|Any CPU
	EndGlobalSection
	GlobalSection(ProjectConfigurationPlatforms) = postSolution
		{85292832-72B4-47DC-A5CB-CBC0864A4E40}.Debug|Any CPU.ActiveCfg = Debug|Any CPU
		{85292832-72B4-47DC-A5CB-CBC0864A4E40}.Debug|Any CPU.Build.0 = Debug|Any CPU
		{85292832-72B4-47DC-A5CB-CBC0864A4E40}.Release|Any CPU.ActiveCfg = Release|Any CPU
		{85292832-72B4-47DC-A5CB-CBC0864A4E40}.Release|Any CPU.Build.0 = Release|Any CPU
		{498BE0CC-5F23-486C-9CDA-8DC4DD66E782}.Debug|Any CPU.ActiveCfg = Debug|Any CPU
		{498BE0CC-5F23-486C-9CDA-8DC4DD66E782}.Debug|Any CPU.Build.0 = Debug|Any CPU
		{498BE0CC-5F23-486C-9CDA-8DC4DD66E782}.Release|Any CPU.ActiveCfg = Release|Any CPU
		{498BE0CC-5F23-486C-9CDA-8DC4DD66E782}.Release|Any CPU.Build.0 = Release|Any CPU
		{40D8FFC5-E106-4B30-9C27-212CF92671E6}.Debug|Any CPU.ActiveCfg = Debug|Any CPU
		{40D8FFC5-E106-4B30-9C27-212CF92671E6}.Debug|Any CPU.Build.0 = Debug|Any CPU
		{40D8FFC5-E106-4B30-9C27-212CF92671E6}.Release|Any CPU.ActiveCfg = Release|Any CPU
		{40D8FFC5-E106-4B30-9C27-212CF92671E6}.Release|Any CPU.Build.0 = Release|Any CPU
	EndGlobalSection
	GlobalSection(SolutionProperties) = preSolution
		HideSolutionNode = FALSE
	EndGlobalSection
	GlobalSection(ExtensibilityGlobals) = postSolution
		SolutionGuid = {8BB49F6F-3CBB-4D2C-A27D-9D4F886FE914}
	EndGlobalSection
EndGlobal
